
Microsoft Visual Studio Solution File, Format Version 12.00
# Visual Studio Version 17
VisualStudioVersion = 17.3.32922.545
MinimumVisualStudioVersion = 10.0.40219.1
Project("{2150E333-8FDC-42A3-9474-1A3956D46DE8}") = "Application", "Application", "{9D29492A-9858-4F3F-A95A-28F73A642CAF}"
EndProject
Project("{9A19103F-16F7-4668-BE54-9A1E7A4F7556}") = "MyVetAppointment.Domain", "MyVetAppointment.Domain\MyVetAppointment.Domain.csproj", "{E3AD8754-8890-4F1A-8D8B-ACC1BF1DE4C6}"
EndProject
Project("{2150E333-8FDC-42A3-9474-1A3956D46DE8}") = "Domain", "Domain", "{9772037D-D123-4616-AE6B-CA23A859AC03}"
EndProject
Project("{9A19103F-16F7-4668-BE54-9A1E7A4F7556}") = "MyVetAppointment.Application", "MyVetAppointment.Application\MyVetAppointment.Application.csproj", "{040BB9A1-B485-40FD-9F25-142B1582A35A}"
EndProject
Project("{2150E333-8FDC-42A3-9474-1A3956D46DE8}") = "Infrastructure", "Infrastructure", "{D9054126-041B-4377-AD61-D4518B25894D}"
EndProject
Project("{9A19103F-16F7-4668-BE54-9A1E7A4F7556}") = "MyVetAppointment.Infrastructure", "MyVetAppointment.Infrastructure\MyVetAppointment.Infrastructure.csproj", "{6E406D54-3498-4F58-B3B9-4B66717FDACC}"
EndProject
Project("{2150E333-8FDC-42A3-9474-1A3956D46DE8}") = "WebUI", "WebUI", "{FCDFCAC5-C272-41F6-B731-3DB0C851B554}"
EndProject
Project("{9A19103F-16F7-4668-BE54-9A1E7A4F7556}") = "MyVetAppointment.API", "MyVetAppointment.API\MyVetAppointment.API.csproj", "{9735DCC0-D28F-4CDA-9A2B-A63646D5223D}"
EndProject
Project("{2150E333-8FDC-42A3-9474-1A3956D46DE8}") = "Tests", "Tests", "{A913D0F0-AB22-4AA6-B575-D4EABE3E0178}"
EndProject
Project("{9A19103F-16F7-4668-BE54-9A1E7A4F7556}") = "IntegrationTests", "IntegrationTests\IntegrationTests.csproj", "{8C779B1C-8D05-4903-9C8E-C3265F28EF1A}"
EndProject
Project("{2150E333-8FDC-42A3-9474-1A3956D46DE8}") = "Shared", "Shared", "{F08BF311-55E8-4304-A7D8-E4DB7CC76309}"
EndProject
Project("{9A19103F-16F7-4668-BE54-9A1E7A4F7556}") = "MyVetAppoinment.Shared", "MyVetAppoinment.Shared\MyVetAppoinment.Shared.csproj", "{4F7A8297-8F74-4AB1-871E-FEA951DA56D0}"
EndProject
Project("{9A19103F-16F7-4668-BE54-9A1E7A4F7556}") = "MyVetAppoinment.UI", "MyVetAppoinment.UI\MyVetAppoinment.UI.csproj", "{77BC292E-0EF4-44D6-80EF-9670EA34E56D}"
EndProject
Project("{9A19103F-16F7-4668-BE54-9A1E7A4F7556}") = "UnitTests", "UnitTests\UnitTests.csproj", "{925B12BA-F319-4F13-B02E-D05E7E558915}"
EndProject
Global
	GlobalSection(SolutionConfigurationPlatforms) = preSolution
		Debug|Any CPU = Debug|Any CPU
		Release|Any CPU = Release|Any CPU
	EndGlobalSection
	GlobalSection(ProjectConfigurationPlatforms) = postSolution
		{E3AD8754-8890-4F1A-8D8B-ACC1BF1DE4C6}.Debug|Any CPU.ActiveCfg = Debug|Any CPU
		{E3AD8754-8890-4F1A-8D8B-ACC1BF1DE4C6}.Debug|Any CPU.Build.0 = Debug|Any CPU
		{E3AD8754-8890-4F1A-8D8B-ACC1BF1DE4C6}.Release|Any CPU.ActiveCfg = Release|Any CPU
		{E3AD8754-8890-4F1A-8D8B-ACC1BF1DE4C6}.Release|Any CPU.Build.0 = Release|Any CPU
		{040BB9A1-B485-40FD-9F25-142B1582A35A}.Debug|Any CPU.ActiveCfg = Debug|Any CPU
		{040BB9A1-B485-40FD-9F25-142B1582A35A}.Debug|Any CPU.Build.0 = Debug|Any CPU
		{040BB9A1-B485-40FD-9F25-142B1582A35A}.Release|Any CPU.ActiveCfg = Release|Any CPU
		{040BB9A1-B485-40FD-9F25-142B1582A35A}.Release|Any CPU.Build.0 = Release|Any CPU
		{6E406D54-3498-4F58-B3B9-4B66717FDACC}.Debug|Any CPU.ActiveCfg = Debug|Any CPU
		{6E406D54-3498-4F58-B3B9-4B66717FDACC}.Debug|Any CPU.Build.0 = Debug|Any CPU
		{6E406D54-3498-4F58-B3B9-4B66717FDACC}.Release|Any CPU.ActiveCfg = Release|Any CPU
		{6E406D54-3498-4F58-B3B9-4B66717FDACC}.Release|Any CPU.Build.0 = Release|Any CPU
		{9735DCC0-D28F-4CDA-9A2B-A63646D5223D}.Debug|Any CPU.ActiveCfg = Debug|Any CPU
		{9735DCC0-D28F-4CDA-9A2B-A63646D5223D}.Debug|Any CPU.Build.0 = Debug|Any CPU
		{9735DCC0-D28F-4CDA-9A2B-A63646D5223D}.Release|Any CPU.ActiveCfg = Release|Any CPU
		{9735DCC0-D28F-4CDA-9A2B-A63646D5223D}.Release|Any CPU.Build.0 = Release|Any CPU
		{8C779B1C-8D05-4903-9C8E-C3265F28EF1A}.Debug|Any CPU.ActiveCfg = Debug|Any CPU
		{8C779B1C-8D05-4903-9C8E-C3265F28EF1A}.Debug|Any CPU.Build.0 = Debug|Any CPU
		{8C779B1C-8D05-4903-9C8E-C3265F28EF1A}.Release|Any CPU.ActiveCfg = Release|Any CPU
		{8C779B1C-8D05-4903-9C8E-C3265F28EF1A}.Release|Any CPU.Build.0 = Release|Any CPU
		{4F7A8297-8F74-4AB1-871E-FEA951DA56D0}.Debug|Any CPU.ActiveCfg = Debug|Any CPU
		{4F7A8297-8F74-4AB1-871E-FEA951DA56D0}.Debug|Any CPU.Build.0 = Debug|Any CPU
		{4F7A8297-8F74-4AB1-871E-FEA951DA56D0}.Release|Any CPU.ActiveCfg = Release|Any CPU
		{4F7A8297-8F74-4AB1-871E-FEA951DA56D0}.Release|Any CPU.Build.0 = Release|Any CPU
		{77BC292E-0EF4-44D6-80EF-9670EA34E56D}.Debug|Any CPU.ActiveCfg = Debug|Any CPU
		{77BC292E-0EF4-44D6-80EF-9670EA34E56D}.Debug|Any CPU.Build.0 = Debug|Any CPU
		{77BC292E-0EF4-44D6-80EF-9670EA34E56D}.Release|Any CPU.ActiveCfg = Release|Any CPU
		{77BC292E-0EF4-44D6-80EF-9670EA34E56D}.Release|Any CPU.Build.0 = Release|Any CPU
		{925B12BA-F319-4F13-B02E-D05E7E558915}.Debug|Any CPU.ActiveCfg = Debug|Any CPU
		{925B12BA-F319-4F13-B02E-D05E7E558915}.Debug|Any CPU.Build.0 = Debug|Any CPU
		{925B12BA-F319-4F13-B02E-D05E7E558915}.Release|Any CPU.ActiveCfg = Release|Any CPU
		{925B12BA-F319-4F13-B02E-D05E7E558915}.Release|Any CPU.Build.0 = Release|Any CPU
	EndGlobalSection
	GlobalSection(SolutionProperties) = preSolution
		HideSolutionNode = FALSE
	EndGlobalSection
	GlobalSection(NestedProjects) = preSolution
		{E3AD8754-8890-4F1A-8D8B-ACC1BF1DE4C6} = {9772037D-D123-4616-AE6B-CA23A859AC03}
		{040BB9A1-B485-40FD-9F25-142B1582A35A} = {9D29492A-9858-4F3F-A95A-28F73A642CAF}
		{6E406D54-3498-4F58-B3B9-4B66717FDACC} = {D9054126-041B-4377-AD61-D4518B25894D}
		{9735DCC0-D28F-4CDA-9A2B-A63646D5223D} = {FCDFCAC5-C272-41F6-B731-3DB0C851B554}
		{8C779B1C-8D05-4903-9C8E-C3265F28EF1A} = {A913D0F0-AB22-4AA6-B575-D4EABE3E0178}
		{4F7A8297-8F74-4AB1-871E-FEA951DA56D0} = {F08BF311-55E8-4304-A7D8-E4DB7CC76309}
		{925B12BA-F319-4F13-B02E-D05E7E558915} = {A913D0F0-AB22-4AA6-B575-D4EABE3E0178}
	EndGlobalSection
	GlobalSection(ExtensibilityGlobals) = postSolution
		SolutionGuid = {B60A9BC8-3485-4EDF-BD27-AE825EB26BD3}
	EndGlobalSection
EndGlobal
